
Microsoft Visual Studio Solution File, Format Version 12.00
# Visual Studio Version 16
VisualStudioVersion = 16.0.30711.63
MinimumVisualStudioVersion = 10.0.40219.1
Project("{888888A0-9F3D-457C-B088-3A5042F75D52}") = "TODOP", "TODOP\TODOP.pyproj", "{DE1FAAC3-9BD9-4E75-998F-1C48F085AFEB}"
EndProject
Global
	GlobalSection(SolutionConfigurationPlatforms) = preSolution
		Debug|Any CPU = Debug|Any CPU
		Release|Any CPU = Release|Any CPU
	EndGlobalSection
	GlobalSection(ProjectConfigurationPlatforms) = postSolution
		{DE1FAAC3-9BD9-4E75-998F-1C48F085AFEB}.Debug|Any CPU.ActiveCfg = Debug|Any CPU
		{DE1FAAC3-9BD9-4E75-998F-1C48F085AFEB}.Release|Any CPU.ActiveCfg = Release|Any CPU
	EndGlobalSection
	GlobalSection(SolutionProperties) = preSolution
		HideSolutionNode = FALSE
	EndGlobalSection
	GlobalSection(ExtensibilityGlobals) = postSolution
		SolutionGuid = {180F3783-3C43-4612-A993-72DE2C93AD43}
	EndGlobalSection
EndGlobal
